# This file is automatically @generated by Poetry 1.8.3 and should not be changed by hand.

[[package]]
name = "absl-py"
version = "2.1.0"
description = "Abseil Python Common Libraries, see https://github.com/abseil/abseil-py."
optional = false
python-versions = ">=3.7"
files = [
    {file = "absl-py-2.1.0.tar.gz", hash = "sha256:7820790efbb316739cde8b4e19357243fc3608a152024288513dd968d7d959ff"},
    {file = "absl_py-2.1.0-py3-none-any.whl", hash = "sha256:526a04eadab8b4ee719ce68f204172ead1027549089702d99b9059f129ff1308"},
]

[[package]]
name = "beartype"
version = "0.19.0rc0"
description = "Unbearably fast near-real-time hybrid runtime-static type-checking in pure Python."
optional = false
python-versions = ">=3.8"
files = [
    {file = "beartype-0.19.0rc0-py3-none-any.whl", hash = "sha256:81426615988a22c01feda958cbd7bdf94dd140cea9ce36d2becc3d5ef24c4d45"},
    {file = "beartype-0.19.0rc0.tar.gz", hash = "sha256:b571f89905a8d6ce58aed9528d7e2afa036fbcd1cfd9ca2831dd7c6191c22e72"},
]

[package.extras]
dev = ["autoapi (>=0.9.0)", "coverage (>=5.5)", "equinox", "jax[cpu]", "jaxtyping", "mypy (>=0.800)", "numpy", "pandera", "pydata-sphinx-theme (<=0.7.2)", "pyright (<=1.1.365)", "pytest (>=4.0.0)", "sphinx", "sphinx (>=4.2.0,<6.0.0)", "sphinxext-opengraph (>=0.7.5)", "tox (>=3.20.1)", "typing-extensions (>=3.10.0.0)"]
doc-rtd = ["autoapi (>=0.9.0)", "pydata-sphinx-theme (<=0.7.2)", "sphinx (>=4.2.0,<6.0.0)", "sphinxext-opengraph (>=0.7.5)"]
test = ["coverage (>=5.5)", "equinox", "jax[cpu]", "jaxtyping", "mypy (>=0.800)", "numpy", "pandera", "pyright (<=1.1.365)", "pytest (>=4.0.0)", "sphinx", "tox (>=3.20.1)", "typing-extensions (>=3.10.0.0)"]
test-tox = ["equinox", "jax[cpu]", "jaxtyping", "mypy (>=0.800)", "numpy", "pandera", "pyright (<=1.1.365)", "pytest (>=4.0.0)", "sphinx", "typing-extensions (>=3.10.0.0)"]
test-tox-coverage = ["coverage (>=5.5)"]

[[package]]
name = "chex"
version = "0.1.86"
description = "Chex: Testing made fun, in JAX!"
optional = false
python-versions = ">=3.9"
files = [
    {file = "chex-0.1.86-py3-none-any.whl", hash = "sha256:251c20821092323a3d9c28e1cf80e4a58180978bec368f531949bd9847eee568"},
    {file = "chex-0.1.86.tar.gz", hash = "sha256:e8b0f96330eba4144659e1617c0f7a57b161e8cbb021e55c6d5056c7378091d1"},
]

[package.dependencies]
absl-py = ">=0.9.0"
jax = ">=0.4.16"
jaxlib = ">=0.1.37"
numpy = ">=1.24.1"
setuptools = {version = "*", markers = "python_version >= \"3.12\""}
toolz = ">=0.9.0"
typing-extensions = ">=4.2.0"

[[package]]
name = "colorama"
version = "0.4.6"
description = "Cross-platform colored terminal text."
optional = false
python-versions = "!=3.0.*,!=3.1.*,!=3.2.*,!=3.3.*,!=3.4.*,!=3.5.*,!=3.6.*,>=2.7"
files = [
    {file = "colorama-0.4.6-py2.py3-none-any.whl", hash = "sha256:4f1d9991f5acc0ca119f9d443620b77f9d6b33703e51011c16baf57afb285fc6"},
    {file = "colorama-0.4.6.tar.gz", hash = "sha256:08695f5cb7ed6e0531a20572697297273c47b8cae5a63ffc6d6ed5c201be6e44"},
]

[[package]]
name = "einops"
version = "0.8.0"
description = "A new flavour of deep learning operations"
optional = false
python-versions = ">=3.8"
files = [
    {file = "einops-0.8.0-py3-none-any.whl", hash = "sha256:9572fb63046264a862693b0a87088af3bdc8c068fde03de63453cbbde245465f"},
    {file = "einops-0.8.0.tar.gz", hash = "sha256:63486517fed345712a8385c100cb279108d9d47e6ae59099b07657e983deae85"},
]

[[package]]
name = "equinox"
version = "0.11.4"
description = "Elegant easy-to-use neural networks in JAX."
optional = false
python-versions = "~=3.9"
files = [
    {file = "equinox-0.11.4-py3-none-any.whl", hash = "sha256:a9527b1fe0c4778c3c959d9091b1eea28c3fdcca01790a47e71b47df94889315"},
    {file = "equinox-0.11.4.tar.gz", hash = "sha256:0033d9731083f402a855b12a0777a80aa8507651f7aa86d9f0f9503bcddfd320"},
]

[package.dependencies]
jax = ">=0.4.13"
jaxtyping = ">=0.2.20"
typing-extensions = ">=4.5.0"

[[package]]
name = "etils"
version = "1.7.0"
description = "Collection of common python utils"
optional = false
python-versions = ">=3.10"
files = [
    {file = "etils-1.7.0-py3-none-any.whl", hash = "sha256:61af8f7c242171de15e22e5da02d527cb9e677d11f8bcafe18fcc3548eee3e60"},
    {file = "etils-1.7.0.tar.gz", hash = "sha256:97b68fd25e185683215286ef3a54e38199b6245f5fe8be6bedc1189be4256350"},
]

[package.dependencies]
typing_extensions = {version = "*", optional = true, markers = "extra == \"epy\""}

[package.extras]
all = ["etils[array-types]", "etils[eapp]", "etils[ecolab]", "etils[edc]", "etils[enp]", "etils[epath-gcs]", "etils[epath-s3]", "etils[epath]", "etils[epy]", "etils[etqdm]", "etils[etree-dm]", "etils[etree-jax]", "etils[etree-tf]", "etils[etree]"]
array-types = ["etils[enp]"]
dev = ["chex", "dataclass_array", "optree", "pyink", "pylint (>=2.6.0)", "pytest", "pytest-subtests", "pytest-xdist", "torch"]
docs = ["etils[all,dev]", "sphinx-apitree[ext]"]
eapp = ["absl-py", "etils[epy]", "simple_parsing"]
ecolab = ["etils[enp]", "etils[epy]", "etils[etree]", "jupyter", "mediapy", "numpy", "packaging", "protobuf"]
edc = ["etils[epy]"]
enp = ["etils[epy]", "numpy"]
epath = ["etils[epy]", "fsspec", "importlib_resources", "typing_extensions", "zipp"]
epath-gcs = ["etils[epath]", "gcsfs"]
epath-s3 = ["etils[epath]", "s3fs"]
epy = ["typing_extensions"]
etqdm = ["absl-py", "etils[epy]", "tqdm"]
etree = ["etils[array-types]", "etils[enp]", "etils[epy]", "etils[etqdm]"]
etree-dm = ["dm-tree", "etils[etree]"]
etree-jax = ["etils[etree]", "jax[cpu]"]
etree-tf = ["etils[etree]", "tensorflow"]
lazy-imports = ["etils[ecolab]"]

[[package]]
name = "exceptiongroup"
version = "1.2.1"
description = "Backport of PEP 654 (exception groups)"
optional = false
python-versions = ">=3.7"
files = [
    {file = "exceptiongroup-1.2.1-py3-none-any.whl", hash = "sha256:5258b9ed329c5bbdd31a309f53cbfb0b155341807f6ff7606a1e801a891b29ad"},
    {file = "exceptiongroup-1.2.1.tar.gz", hash = "sha256:a4785e48b045528f5bfe627b6ad554ff32def154f42372786903b7abcfe1aa16"},
]

[package.extras]
test = ["pytest (>=6)"]

[[package]]
name = "iniconfig"
version = "2.0.0"
description = "brain-dead simple config-ini parsing"
optional = false
python-versions = ">=3.7"
files = [
    {file = "iniconfig-2.0.0-py3-none-any.whl", hash = "sha256:b6a85871a79d2e3b22d2d1b94ac2824226a63c6b741c88f7ae975f18b6778374"},
    {file = "iniconfig-2.0.0.tar.gz", hash = "sha256:2d91e135bf72d31a410b17c16da610a82cb55f6b0477d1a902134b24a455b8b3"},
]

[[package]]
name = "jax"
version = "0.4.30"
description = "Differentiate, compile, and transform Numpy code."
optional = false
python-versions = ">=3.9"
files = [
    {file = "jax-0.4.30-py3-none-any.whl", hash = "sha256:289b30ae03b52f7f4baf6ef082a9f4e3e29c1080e22d13512c5ecf02d5f1a55b"},
    {file = "jax-0.4.30.tar.gz", hash = "sha256:94d74b5b2db0d80672b61d83f1f63ebf99d2ab7398ec12b2ca0c9d1e97afe577"},
]

[package.dependencies]
jax-cuda12-plugin = {version = "0.4.30", extras = ["with-cuda"], optional = true, markers = "extra == \"cuda12-pip\""}
jaxlib = [
    {version = ">=0.4.27,<=0.4.30"},
    {version = "0.4.30", optional = true, markers = "extra == \"cuda12-pip\""},
]
ml-dtypes = ">=0.2.0"
numpy = [
    {version = ">=1.26.0", markers = "python_version >= \"3.12\""},
    {version = ">=1.23.2", markers = "python_version >= \"3.11\" and python_version < \"3.12\""},
    {version = ">=1.22", markers = "python_version < \"3.11\""},
]
opt-einsum = "*"
scipy = [
    {version = ">=1.11.1", markers = "python_version >= \"3.12\""},
    {version = ">=1.9", markers = "python_version < \"3.12\""},
]

[package.extras]
ci = ["jaxlib (==0.4.29)"]
cuda = ["jax-cuda12-plugin[with-cuda] (==0.4.30)", "jaxlib (==0.4.30)"]
cuda12 = ["jax-cuda12-plugin[with-cuda] (==0.4.30)", "jaxlib (==0.4.30)"]
cuda12-local = ["jax-cuda12-plugin (==0.4.30)", "jaxlib (==0.4.30)"]
cuda12-pip = ["jax-cuda12-plugin[with-cuda] (==0.4.30)", "jaxlib (==0.4.30)"]
minimum-jaxlib = ["jaxlib (==0.4.27)"]
tpu = ["jaxlib (==0.4.30)", "libtpu-nightly (==0.1.dev20240617)", "requests"]

[[package]]
name = "jax-cuda12-pjrt"
version = "0.4.30"
description = "JAX XLA PJRT Plugin for NVIDIA GPUs"
optional = false
python-versions = "*"
files = [
    {file = "jax_cuda12_pjrt-0.4.30-py3-none-manylinux2014_aarch64.whl", hash = "sha256:c36fb1e0c236563bf3a87e70f4d1ab28a31d7cf5d722c9ede30c4172116e8bcb"},
    {file = "jax_cuda12_pjrt-0.4.30-py3-none-manylinux2014_x86_64.whl", hash = "sha256:895d0198ad99638fcaf976c47592e2a543eef79ea15fabd24a402d055390c328"},
]

[[package]]
name = "jax-cuda12-plugin"
version = "0.4.30"
description = "JAX Plugin for NVIDIA GPUs"
optional = false
python-versions = ">=3.9"
files = [
    {file = "jax_cuda12_plugin-0.4.30-cp310-cp310-manylinux2014_aarch64.whl", hash = "sha256:d3f47541c9550b048c3563731259d0566c447f7aad12998f84b96c958fd2b629"},
    {file = "jax_cuda12_plugin-0.4.30-cp310-cp310-manylinux2014_x86_64.whl", hash = "sha256:8021452c32d39fcf7f639caea4529b2091bf36b10a3714b02dd3429ab39435e7"},
    {file = "jax_cuda12_plugin-0.4.30-cp311-cp311-manylinux2014_aarch64.whl", hash = "sha256:14aad59e427e16e077da42c42aba58c98b7dfc586180a8df1528dfca6a9227ad"},
    {file = "jax_cuda12_plugin-0.4.30-cp311-cp311-manylinux2014_x86_64.whl", hash = "sha256:a51c753b3064d8de6e769199ac44d26ce8bb616acef92b2b580d1d082ed833e8"},
    {file = "jax_cuda12_plugin-0.4.30-cp312-cp312-manylinux2014_aarch64.whl", hash = "sha256:85f85e4fd70e8f0af6e97707b370ff5928ede08c5a1e22bca7abc05957d5812f"},
    {file = "jax_cuda12_plugin-0.4.30-cp312-cp312-manylinux2014_x86_64.whl", hash = "sha256:04546765f0d21afa8a67bee3a032443ee5ac79f2d53b4137674f160c66ec99e4"},
    {file = "jax_cuda12_plugin-0.4.30-cp39-cp39-manylinux2014_aarch64.whl", hash = "sha256:cb8edccdce358451205f689e3536272200761c625c8e8059ab10523984cf8b61"},
    {file = "jax_cuda12_plugin-0.4.30-cp39-cp39-manylinux2014_x86_64.whl", hash = "sha256:d8d196241b9253ecb1144a4409b5deacbb9771624f097b2bbf025da3c7d8f4f8"},
]

[package.dependencies]
jax-cuda12-pjrt = "0.4.30"
nvidia-cublas-cu12 = {version = ">=12.1.3.1", optional = true, markers = "extra == \"with-cuda\""}
nvidia-cuda-cupti-cu12 = {version = ">=12.1.105", optional = true, markers = "extra == \"with-cuda\""}
nvidia-cuda-nvcc-cu12 = {version = ">=12.1.105", optional = true, markers = "extra == \"with-cuda\""}
nvidia-cuda-runtime-cu12 = {version = ">=12.1.105", optional = true, markers = "extra == \"with-cuda\""}
nvidia-cudnn-cu12 = {version = ">=9.0,<10.0", optional = true, markers = "extra == \"with-cuda\""}
nvidia-cufft-cu12 = {version = ">=11.0.2.54", optional = true, markers = "extra == \"with-cuda\""}
nvidia-cusolver-cu12 = {version = ">=11.4.5.107", optional = true, markers = "extra == \"with-cuda\""}
nvidia-cusparse-cu12 = {version = ">=12.1.0.106", optional = true, markers = "extra == \"with-cuda\""}
nvidia-nccl-cu12 = {version = ">=2.18.1", optional = true, markers = "extra == \"with-cuda\""}
nvidia-nvjitlink-cu12 = {version = ">=12.1.105", optional = true, markers = "extra == \"with-cuda\""}

[package.extras]
with-cuda = ["nvidia-cublas-cu12 (>=12.1.3.1)", "nvidia-cuda-cupti-cu12 (>=12.1.105)", "nvidia-cuda-nvcc-cu12 (>=12.1.105)", "nvidia-cuda-runtime-cu12 (>=12.1.105)", "nvidia-cudnn-cu12 (>=9.0,<10.0)", "nvidia-cufft-cu12 (>=11.0.2.54)", "nvidia-cusolver-cu12 (>=11.4.5.107)", "nvidia-cusparse-cu12 (>=12.1.0.106)", "nvidia-nccl-cu12 (>=2.18.1)", "nvidia-nvjitlink-cu12 (>=12.1.105)"]

[[package]]
name = "jaxlib"
version = "0.4.30"
description = "XLA library for JAX"
optional = false
python-versions = ">=3.9"
files = [
    {file = "jaxlib-0.4.30-cp310-cp310-macosx_10_14_x86_64.whl", hash = "sha256:c40856e28f300938c6824ab1a615166193d6997dec946578823f6d402ad454e5"},
    {file = "jaxlib-0.4.30-cp310-cp310-macosx_11_0_arm64.whl", hash = "sha256:4bdfda6a3c7a2b0cc0a7131009eb279e98ca4a6f25679fabb5302dd135a5e349"},
    {file = "jaxlib-0.4.30-cp310-cp310-manylinux2014_aarch64.whl", hash = "sha256:28e032c9b394ab7624d89b0d9d3bbcf4d1d71694fe8b3e09d3fe64122eda7b0c"},
    {file = "jaxlib-0.4.30-cp310-cp310-manylinux2014_x86_64.whl", hash = "sha256:d83f36ef42a403bbf7c7f2da526b34ba286988e170f4df5e58b3bb735417868c"},
    {file = "jaxlib-0.4.30-cp310-cp310-win_amd64.whl", hash = "sha256:a56678b28f96b524ded6da8ef4b38e72a532356d139cfd434da804abf4234e14"},
    {file = "jaxlib-0.4.30-cp311-cp311-macosx_10_14_x86_64.whl", hash = "sha256:bfb5d85b69c29c3c6e8051a0ea715ac1e532d6e54494c8d9c3813dcc00deac30"},
    {file = "jaxlib-0.4.30-cp311-cp311-macosx_11_0_arm64.whl", hash = "sha256:974998cd8a78550402e6c09935c1f8d850cad9cc19ccd7488bde45b6f7f99c12"},
    {file = "jaxlib-0.4.30-cp311-cp311-manylinux2014_aarch64.whl", hash = "sha256:e93eb0646b41ba213252b51b0b69096b9cd1d81a35ea85c9d06663b5d11efe45"},
    {file = "jaxlib-0.4.30-cp311-cp311-manylinux2014_x86_64.whl", hash = "sha256:16b2ab18ea90d2e15941bcf45de37afc2f289a029129c88c8d7aba0404dd0043"},
    {file = "jaxlib-0.4.30-cp311-cp311-win_amd64.whl", hash = "sha256:3a2e2c11c179f8851a72249ba1ae40ae817dfaee9877d23b3b8f7c6b7a012f76"},
    {file = "jaxlib-0.4.30-cp312-cp312-macosx_10_14_x86_64.whl", hash = "sha256:7704db5962b32a2be3cc07185433cbbcc94ed90ee50c84021a3f8a1ecfd66ee3"},
    {file = "jaxlib-0.4.30-cp312-cp312-macosx_11_0_arm64.whl", hash = "sha256:57090d33477fd0f0c99dc686274882ea75c44c7d712ae42dd2460b10f896131d"},
    {file = "jaxlib-0.4.30-cp312-cp312-manylinux2014_aarch64.whl", hash = "sha256:0a3850e76278038e21685975a62b622bcf3708485f13125757a0561ee4512940"},
    {file = "jaxlib-0.4.30-cp312-cp312-manylinux2014_x86_64.whl", hash = "sha256:c58a8071c4e00898282118169f6a5a97eb15a79c2897858f3a732b17891c99ab"},
    {file = "jaxlib-0.4.30-cp312-cp312-win_amd64.whl", hash = "sha256:b7079a5b1ab6864a7d4f2afaa963841451186d22c90f39719a3ff85735ce3915"},
    {file = "jaxlib-0.4.30-cp39-cp39-macosx_10_14_x86_64.whl", hash = "sha256:ea3a00005faafbe3c18b178d3b534208b3b4027b2be6230227e7b87ce399fc29"},
    {file = "jaxlib-0.4.30-cp39-cp39-macosx_11_0_arm64.whl", hash = "sha256:3d31e01191ce8052bd611aaf16ff967d8d0ec0b63f1ea4b199020cecb248d667"},
    {file = "jaxlib-0.4.30-cp39-cp39-manylinux2014_aarch64.whl", hash = "sha256:11602d5556e8baa2f16314c36518e9be4dfae0c2c256a361403fb29dc9dc79a4"},
    {file = "jaxlib-0.4.30-cp39-cp39-manylinux2014_x86_64.whl", hash = "sha256:f74a6b0e09df4b5e2ee399ebb9f0e01190e26e84ccb0a758fadb516415c07f18"},
    {file = "jaxlib-0.4.30-cp39-cp39-win_amd64.whl", hash = "sha256:54987e97a22db70f3829b437b9329e4799d653634bacc8b398554d3b90c76b2a"},
]

[package.dependencies]
ml-dtypes = ">=0.2.0"
numpy = ">=1.22"
scipy = [
    {version = ">=1.11.1", markers = "python_version >= \"3.12\""},
    {version = ">=1.9", markers = "python_version < \"3.12\""},
]

[[package]]
name = "jaxtyping"
version = "0.2.33"
description = "Type annotations and runtime checking for shape and dtype of JAX arrays, and PyTrees."
optional = false
python-versions = "~=3.9"
files = [
    {file = "jaxtyping-0.2.33-py3-none-any.whl", hash = "sha256:918d6094c73f28d3196185ef55d1832cbcd2804d1d388f180060c4366a9e2107"},
    {file = "jaxtyping-0.2.33.tar.gz", hash = "sha256:9a9cfccae4fe05114b9fb27a5ea5440be4971a5a075bbd0526f6dd7d2730f83e"},
]

[package.dependencies]
typeguard = "2.13.3"

[[package]]
name = "ml-dtypes"
version = "0.4.0"
description = ""
optional = false
python-versions = ">=3.9"
files = [
    {file = "ml_dtypes-0.4.0-cp310-cp310-macosx_10_9_universal2.whl", hash = "sha256:93afe37f3a879d652ec9ef1fc47612388890660a2657fbb5747256c3b818fd81"},
    {file = "ml_dtypes-0.4.0-cp310-cp310-manylinux_2_17_aarch64.manylinux2014_aarch64.whl", hash = "sha256:2bb83fd064db43e67e67d021e547698af4c8d5c6190f2e9b1c53c09f6ff5531d"},
    {file = "ml_dtypes-0.4.0-cp310-cp310-manylinux_2_17_x86_64.manylinux2014_x86_64.whl", hash = "sha256:03e7cda6ef164eed0abb31df69d2c00c3a5ab3e2610b6d4c42183a43329c72a5"},
    {file = "ml_dtypes-0.4.0-cp310-cp310-win_amd64.whl", hash = "sha256:a15d96d090aebb55ee85173d1775ae325a001aab607a76c8ea0b964ccd6b5364"},
    {file = "ml_dtypes-0.4.0-cp311-cp311-macosx_10_9_universal2.whl", hash = "sha256:bdf689be7351cc3c95110c910c1b864002f113e682e44508910c849e144f3df1"},
    {file = "ml_dtypes-0.4.0-cp311-cp311-manylinux_2_17_aarch64.manylinux2014_aarch64.whl", hash = "sha256:c83e4d443962d891d51669ff241d5aaad10a8d3d37a81c5532a45419885d591c"},
    {file = "ml_dtypes-0.4.0-cp311-cp311-manylinux_2_17_x86_64.manylinux2014_x86_64.whl", hash = "sha256:e1e2f4237b459a63c97c2c9f449baa637d7e4c20addff6a9bac486f22432f3b6"},
    {file = "ml_dtypes-0.4.0-cp311-cp311-win_amd64.whl", hash = "sha256:75b4faf99d0711b81f393db36d210b4255fd419f6f790bc6c1b461f95ffb7a9e"},
    {file = "ml_dtypes-0.4.0-cp312-cp312-macosx_10_9_universal2.whl", hash = "sha256:ee9f91d4c4f9959a7e1051c141dc565f39e54435618152219769e24f5e9a4d06"},
    {file = "ml_dtypes-0.4.0-cp312-cp312-manylinux_2_17_aarch64.manylinux2014_aarch64.whl", hash = "sha256:ad6849a2db386b38e4d54fe13eb3293464561780531a918f8ef4c8169170dd49"},
    {file = "ml_dtypes-0.4.0-cp312-cp312-manylinux_2_17_x86_64.manylinux2014_x86_64.whl", hash = "sha256:eaa32979ebfde3a0d7c947cafbf79edc1ec77ac05ad0780ee86c1d8df70f2259"},
    {file = "ml_dtypes-0.4.0-cp312-cp312-win_amd64.whl", hash = "sha256:3b67ec73a697c88c1122038e0de46520e48dc2ec876d42cf61bc5efe3c0b7675"},
    {file = "ml_dtypes-0.4.0-cp39-cp39-macosx_10_9_universal2.whl", hash = "sha256:41affb38fdfe146e3db226cf2953021184d6f0c4ffab52136613e9601706e368"},
    {file = "ml_dtypes-0.4.0-cp39-cp39-manylinux_2_17_aarch64.manylinux2014_aarch64.whl", hash = "sha256:43cf4356a0fe2eeac6d289018d0734e17a403bdf1fd911953c125dd0358edcc0"},
    {file = "ml_dtypes-0.4.0-cp39-cp39-manylinux_2_17_x86_64.manylinux2014_x86_64.whl", hash = "sha256:f1724ddcdf5edbaf615a62110af47407f1719b8d02e68ccee60683acb5f74da1"},
    {file = "ml_dtypes-0.4.0-cp39-cp39-win_amd64.whl", hash = "sha256:723af6346447268a3cf0b7356e963d80ecb5732b5279b2aa3fa4b9fc8297c85e"},
    {file = "ml_dtypes-0.4.0.tar.gz", hash = "sha256:eaf197e72f4f7176a19fe3cb8b61846b38c6757607e7bf9cd4b1d84cd3e74deb"},
]

[package.dependencies]
numpy = [
    {version = ">=1.26.0", markers = "python_version >= \"3.12\""},
    {version = ">=1.23.3", markers = "python_version >= \"3.11\" and python_version < \"3.12\""},
    {version = ">=1.21.2", markers = "python_version >= \"3.10\" and python_version < \"3.11\""},
]

[package.extras]
dev = ["absl-py", "pyink", "pylint (>=2.6.0)", "pytest", "pytest-xdist"]

[[package]]
name = "numpy"
version = "2.0.0"
description = "Fundamental package for array computing in Python"
optional = false
python-versions = ">=3.9"
files = [
    {file = "numpy-2.0.0-cp310-cp310-macosx_10_9_x86_64.whl", hash = "sha256:04494f6ec467ccb5369d1808570ae55f6ed9b5809d7f035059000a37b8d7e86f"},
    {file = "numpy-2.0.0-cp310-cp310-macosx_11_0_arm64.whl", hash = "sha256:2635dbd200c2d6faf2ef9a0d04f0ecc6b13b3cad54f7c67c61155138835515d2"},
    {file = "numpy-2.0.0-cp310-cp310-macosx_14_0_arm64.whl", hash = "sha256:0a43f0974d501842866cc83471bdb0116ba0dffdbaac33ec05e6afed5b615238"},
    {file = "numpy-2.0.0-cp310-cp310-macosx_14_0_x86_64.whl", hash = "sha256:8d83bb187fb647643bd56e1ae43f273c7f4dbcdf94550d7938cfc32566756514"},
    {file = "numpy-2.0.0-cp310-cp310-manylinux_2_17_aarch64.manylinux2014_aarch64.whl", hash = "sha256:79e843d186c8fb1b102bef3e2bc35ef81160ffef3194646a7fdd6a73c6b97196"},
    {file = "numpy-2.0.0-cp310-cp310-manylinux_2_17_x86_64.manylinux2014_x86_64.whl", hash = "sha256:6d7696c615765091cc5093f76fd1fa069870304beaccfd58b5dcc69e55ef49c1"},
    {file = "numpy-2.0.0-cp310-cp310-musllinux_1_1_x86_64.whl", hash = "sha256:b4c76e3d4c56f145d41b7b6751255feefae92edbc9a61e1758a98204200f30fc"},
    {file = "numpy-2.0.0-cp310-cp310-musllinux_1_2_aarch64.whl", hash = "sha256:acd3a644e4807e73b4e1867b769fbf1ce8c5d80e7caaef0d90dcdc640dfc9787"},
    {file = "numpy-2.0.0-cp310-cp310-win32.whl", hash = "sha256:cee6cc0584f71adefe2c908856ccc98702baf95ff80092e4ca46061538a2ba98"},
    {file = "numpy-2.0.0-cp310-cp310-win_amd64.whl", hash = "sha256:ed08d2703b5972ec736451b818c2eb9da80d66c3e84aed1deeb0c345fefe461b"},
    {file = "numpy-2.0.0-cp311-cp311-macosx_10_9_x86_64.whl", hash = "sha256:ad0c86f3455fbd0de6c31a3056eb822fc939f81b1618f10ff3406971893b62a5"},
    {file = "numpy-2.0.0-cp311-cp311-macosx_11_0_arm64.whl", hash = "sha256:e7f387600d424f91576af20518334df3d97bc76a300a755f9a8d6e4f5cadd289"},
    {file = "numpy-2.0.0-cp311-cp311-macosx_14_0_arm64.whl", hash = "sha256:34f003cb88b1ba38cb9a9a4a3161c1604973d7f9d5552c38bc2f04f829536609"},
    {file = "numpy-2.0.0-cp311-cp311-macosx_14_0_x86_64.whl", hash = "sha256:b6f6a8f45d0313db07d6d1d37bd0b112f887e1369758a5419c0370ba915b3871"},
    {file = "numpy-2.0.0-cp311-cp311-manylinux_2_17_aarch64.manylinux2014_aarch64.whl", hash = "sha256:5f64641b42b2429f56ee08b4f427a4d2daf916ec59686061de751a55aafa22e4"},
    {file = "numpy-2.0.0-cp311-cp311-manylinux_2_17_x86_64.manylinux2014_x86_64.whl", hash = "sha256:a7039a136017eaa92c1848152827e1424701532ca8e8967fe480fe1569dae581"},
    {file = "numpy-2.0.0-cp311-cp311-musllinux_1_1_x86_64.whl", hash = "sha256:46e161722e0f619749d1cd892167039015b2c2817296104487cd03ed4a955995"},
    {file = "numpy-2.0.0-cp311-cp311-musllinux_1_2_aarch64.whl", hash = "sha256:0e50842b2295ba8414c8c1d9d957083d5dfe9e16828b37de883f51fc53c4016f"},
    {file = "numpy-2.0.0-cp311-cp311-win32.whl", hash = "sha256:2ce46fd0b8a0c947ae047d222f7136fc4d55538741373107574271bc00e20e8f"},
    {file = "numpy-2.0.0-cp311-cp311-win_amd64.whl", hash = "sha256:fbd6acc766814ea6443628f4e6751d0da6593dae29c08c0b2606164db026970c"},
    {file = "numpy-2.0.0-cp312-cp312-macosx_10_9_x86_64.whl", hash = "sha256:354f373279768fa5a584bac997de6a6c9bc535c482592d7a813bb0c09be6c76f"},
    {file = "numpy-2.0.0-cp312-cp312-macosx_11_0_arm64.whl", hash = "sha256:4d2f62e55a4cd9c58c1d9a1c9edaedcd857a73cb6fda875bf79093f9d9086f85"},
    {file = "numpy-2.0.0-cp312-cp312-macosx_14_0_arm64.whl", hash = "sha256:1e72728e7501a450288fc8e1f9ebc73d90cfd4671ebbd631f3e7857c39bd16f2"},
    {file = "numpy-2.0.0-cp312-cp312-macosx_14_0_x86_64.whl", hash = "sha256:84554fc53daa8f6abf8e8a66e076aff6ece62de68523d9f665f32d2fc50fd66e"},
    {file = "numpy-2.0.0-cp312-cp312-manylinux_2_17_aarch64.manylinux2014_aarch64.whl", hash = "sha256:c73aafd1afca80afecb22718f8700b40ac7cab927b8abab3c3e337d70e10e5a2"},
    {file = "numpy-2.0.0-cp312-cp312-manylinux_2_17_x86_64.manylinux2014_x86_64.whl", hash = "sha256:49d9f7d256fbc804391a7f72d4a617302b1afac1112fac19b6c6cec63fe7fe8a"},
    {file = "numpy-2.0.0-cp312-cp312-musllinux_1_1_x86_64.whl", hash = "sha256:0ec84b9ba0654f3b962802edc91424331f423dcf5d5f926676e0150789cb3d95"},
    {file = "numpy-2.0.0-cp312-cp312-musllinux_1_2_aarch64.whl", hash = "sha256:feff59f27338135776f6d4e2ec7aeeac5d5f7a08a83e80869121ef8164b74af9"},
    {file = "numpy-2.0.0-cp312-cp312-win32.whl", hash = "sha256:c5a59996dc61835133b56a32ebe4ef3740ea5bc19b3983ac60cc32be5a665d54"},
    {file = "numpy-2.0.0-cp312-cp312-win_amd64.whl", hash = "sha256:a356364941fb0593bb899a1076b92dfa2029f6f5b8ba88a14fd0984aaf76d0df"},
    {file = "numpy-2.0.0-cp39-cp39-macosx_10_9_x86_64.whl", hash = "sha256:e61155fae27570692ad1d327e81c6cf27d535a5d7ef97648a17d922224b216de"},
    {file = "numpy-2.0.0-cp39-cp39-macosx_11_0_arm64.whl", hash = "sha256:4554eb96f0fd263041baf16cf0881b3f5dafae7a59b1049acb9540c4d57bc8cb"},
    {file = "numpy-2.0.0-cp39-cp39-macosx_14_0_arm64.whl", hash = "sha256:903703372d46bce88b6920a0cd86c3ad82dae2dbef157b5fc01b70ea1cfc430f"},
    {file = "numpy-2.0.0-cp39-cp39-macosx_14_0_x86_64.whl", hash = "sha256:3e8e01233d57639b2e30966c63d36fcea099d17c53bf424d77f088b0f4babd86"},
    {file = "numpy-2.0.0-cp39-cp39-manylinux_2_17_aarch64.manylinux2014_aarch64.whl", hash = "sha256:1cde1753efe513705a0c6d28f5884e22bdc30438bf0085c5c486cdaff40cd67a"},
    {file = "numpy-2.0.0-cp39-cp39-manylinux_2_17_x86_64.manylinux2014_x86_64.whl", hash = "sha256:821eedb7165ead9eebdb569986968b541f9908979c2da8a4967ecac4439bae3d"},
    {file = "numpy-2.0.0-cp39-cp39-musllinux_1_1_x86_64.whl", hash = "sha256:9a1712c015831da583b21c5bfe15e8684137097969c6d22e8316ba66b5baabe4"},
    {file = "numpy-2.0.0-cp39-cp39-musllinux_1_2_aarch64.whl", hash = "sha256:9c27f0946a3536403efb0e1c28def1ae6730a72cd0d5878db38824855e3afc44"},
    {file = "numpy-2.0.0-cp39-cp39-win32.whl", hash = "sha256:63b92c512d9dbcc37f9d81b123dec99fdb318ba38c8059afc78086fe73820275"},
    {file = "numpy-2.0.0-cp39-cp39-win_amd64.whl", hash = "sha256:3f6bed7f840d44c08ebdb73b1825282b801799e325bcbdfa6bc5c370e5aecc65"},
    {file = "numpy-2.0.0-pp39-pypy39_pp73-macosx_10_9_x86_64.whl", hash = "sha256:9416a5c2e92ace094e9f0082c5fd473502c91651fb896bc17690d6fc475128d6"},
    {file = "numpy-2.0.0-pp39-pypy39_pp73-macosx_14_0_x86_64.whl", hash = "sha256:17067d097ed036636fa79f6a869ac26df7db1ba22039d962422506640314933a"},
    {file = "numpy-2.0.0-pp39-pypy39_pp73-manylinux_2_17_x86_64.manylinux2014_x86_64.whl", hash = "sha256:38ecb5b0582cd125f67a629072fed6f83562d9dd04d7e03256c9829bdec027ad"},
    {file = "numpy-2.0.0-pp39-pypy39_pp73-win_amd64.whl", hash = "sha256:cef04d068f5fb0518a77857953193b6bb94809a806bd0a14983a8f12ada060c9"},
    {file = "numpy-2.0.0.tar.gz", hash = "sha256:cf5d1c9e6837f8af9f92b6bd3e86d513cdc11f60fd62185cc49ec7d1aba34864"},
]

[[package]]
name = "nvidia-cublas-cu12"
version = "12.5.3.2"
description = "CUBLAS native runtime libraries"
optional = false
python-versions = ">=3"
files = [
    {file = "nvidia_cublas_cu12-12.5.3.2-py3-none-manylinux2014_aarch64.whl", hash = "sha256:7d0191251180de606023d396b94d66f66470a0ae96d1dbb906c7656ea0f71eda"},
    {file = "nvidia_cublas_cu12-12.5.3.2-py3-none-manylinux2014_x86_64.whl", hash = "sha256:ca070ad70e9fa6654084575d01bd001f30cc4665e33d4bb9fc8e0f321caa034b"},
    {file = "nvidia_cublas_cu12-12.5.3.2-py3-none-win_amd64.whl", hash = "sha256:4960f3dc5f39699acadf76fa6d94b10a2a00f2956c2c442efa299fb22b0748f3"},
]

[[package]]
name = "nvidia-cuda-cupti-cu12"
version = "12.5.82"
description = "CUDA profiling tools runtime libs."
optional = false
python-versions = ">=3"
files = [
    {file = "nvidia_cuda_cupti_cu12-12.5.82-py3-none-manylinux2014_aarch64.whl", hash = "sha256:d32c06490c6ba35c4323730820c7d0c4c126c04ed58d2f57275adb8d54b138fe"},
    {file = "nvidia_cuda_cupti_cu12-12.5.82-py3-none-manylinux2014_x86_64.whl", hash = "sha256:bde77a5feb66752ec61db2adfe47f56b941842825b4c7e2068aff27c9d107953"},
    {file = "nvidia_cuda_cupti_cu12-12.5.82-py3-none-win_amd64.whl", hash = "sha256:4f835281cf492e2bedd153f5c3de9da8f1d775a419468305e64ce73b3b0c6dc3"},
]

[[package]]
name = "nvidia-cuda-nvcc-cu12"
version = "12.5.82"
description = "CUDA nvcc"
optional = false
python-versions = ">=3"
files = [
    {file = "nvidia_cuda_nvcc_cu12-12.5.82-py3-none-manylinux2014_aarch64.whl", hash = "sha256:ab02fe922cee01235b7950f045042219fe83e15aceb4cd3c1d36db30b034dec7"},
    {file = "nvidia_cuda_nvcc_cu12-12.5.82-py3-none-manylinux2014_x86_64.whl", hash = "sha256:b03e545b8e8c3ce7ebcd7fc44063180ff52ff01d064ece2127ed90a04ef12cd0"},
    {file = "nvidia_cuda_nvcc_cu12-12.5.82-py3-none-win_amd64.whl", hash = "sha256:6eaa264da57a893ae7606dd80b169d9783444af941697822cb82c8379ffc4957"},
]

[[package]]
name = "nvidia-cuda-runtime-cu12"
version = "12.5.82"
description = "CUDA Runtime native Libraries"
optional = false
python-versions = ">=3"
files = [
    {file = "nvidia_cuda_runtime_cu12-12.5.82-py3-none-manylinux2014_aarch64.whl", hash = "sha256:71f015dbf9df05dd71f7480132c6ebf47a6ceb2ab53d7db8e08e4b30ebb87e14"},
    {file = "nvidia_cuda_runtime_cu12-12.5.82-py3-none-manylinux2014_x86_64.whl", hash = "sha256:3e79a060e126df40fd3a068f3f787eb000fa51b251ec6cd97d09579632687115"},
    {file = "nvidia_cuda_runtime_cu12-12.5.82-py3-none-win_amd64.whl", hash = "sha256:0fd5fbca289bceb9f0690aa9858f06187b554fdeb7e2711dfd5bb3ce58900b46"},
]

[[package]]
name = "nvidia-cudnn-cu12"
version = "9.2.1.18"
description = "cuDNN runtime libraries"
optional = false
python-versions = ">=3"
files = [
    {file = "nvidia_cudnn_cu12-9.2.1.18-py3-none-manylinux2014_aarch64.whl", hash = "sha256:7b8e59819ea346044812003842ed910b8c985b31fd1418861259c1b9e1ca2024"},
    {file = "nvidia_cudnn_cu12-9.2.1.18-py3-none-manylinux2014_x86_64.whl", hash = "sha256:e35de4883e44c964ae4591aa473cbdf3638059187178da22b9d7128e6ff31bfc"},
    {file = "nvidia_cudnn_cu12-9.2.1.18-py3-none-win_amd64.whl", hash = "sha256:5cda70eac95d7e02d42b377b1088a45a36d57cfb4bfc16a07794755901b3f2ae"},
]

[package.dependencies]
nvidia-cublas-cu12 = "*"

[[package]]
name = "nvidia-cufft-cu12"
version = "11.2.3.61"
description = "CUFFT native runtime libraries"
optional = false
python-versions = ">=3"
files = [
    {file = "nvidia_cufft_cu12-11.2.3.61-py3-none-manylinux2014_aarch64.whl", hash = "sha256:6d45b48a5ee7599e57131129cda2c58544d9b78b95064d3ec3e5c6b96e2b58cc"},
    {file = "nvidia_cufft_cu12-11.2.3.61-py3-none-manylinux2014_x86_64.whl", hash = "sha256:9a6e8df162585750f61983a638104a48c756aa13f9f48e19ab079b38e3c828b8"},
    {file = "nvidia_cufft_cu12-11.2.3.61-py3-none-win_amd64.whl", hash = "sha256:4a8f6f0ce93c52a50ee83422a80472b5f376054a63f38532d0eab4007e7ef28b"},
]

[package.dependencies]
nvidia-nvjitlink-cu12 = "*"

[[package]]
name = "nvidia-cusolver-cu12"
version = "11.6.3.83"
description = "CUDA solver native runtime libraries"
optional = false
python-versions = ">=3"
files = [
    {file = "nvidia_cusolver_cu12-11.6.3.83-py3-none-manylinux2014_aarch64.whl", hash = "sha256:1b8b77d2fe8abe72bb722dafb708cceaeb81f1a03999477f20b33b34f46ab885"},
    {file = "nvidia_cusolver_cu12-11.6.3.83-py3-none-manylinux2014_x86_64.whl", hash = "sha256:93cfafacde4428b71778eeb092ec615a02a3d05404da1bcf91c53e3fa1bce42b"},
    {file = "nvidia_cusolver_cu12-11.6.3.83-py3-none-win_amd64.whl", hash = "sha256:6224732963cba312a84c78114b9a38c4ffabb2e2a6a120923ac99ba6f895c8cf"},
]

[package.dependencies]
nvidia-cublas-cu12 = "*"
nvidia-cusparse-cu12 = "*"
nvidia-nvjitlink-cu12 = "*"

[[package]]
name = "nvidia-cusparse-cu12"
version = "12.5.1.3"
description = "CUSPARSE native runtime libraries"
optional = false
python-versions = ">=3"
files = [
    {file = "nvidia_cusparse_cu12-12.5.1.3-py3-none-manylinux2014_aarch64.whl", hash = "sha256:7b97fd01f0a61628af99d0efd52132fccc8c18fc5c509f13802dccf0574a19c2"},
    {file = "nvidia_cusparse_cu12-12.5.1.3-py3-none-manylinux2014_x86_64.whl", hash = "sha256:016df8e993c437e8301e62739f01775cba988fd5253cd4c64173f8e8d2f8e752"},
    {file = "nvidia_cusparse_cu12-12.5.1.3-py3-none-win_amd64.whl", hash = "sha256:33520db374e2f5ebc976d6faa1852b98c398a57e6f71150fe59705928596ffd1"},
]

[package.dependencies]
nvidia-nvjitlink-cu12 = "*"

[[package]]
name = "nvidia-nccl-cu12"
version = "2.22.3"
description = "NVIDIA Collective Communication Library (NCCL) Runtime"
optional = false
python-versions = ">=3"
files = [
    {file = "nvidia_nccl_cu12-2.22.3-py3-none-manylinux2014_x86_64.whl", hash = "sha256:f9f5e03c00269dee2cd1aa57019f9a024478a74ae6e9b32d5341c849fe6f6302"},
]

[[package]]
name = "nvidia-nvjitlink-cu12"
version = "12.5.82"
description = "Nvidia JIT LTO Library"
optional = false
python-versions = ">=3"
files = [
    {file = "nvidia_nvjitlink_cu12-12.5.82-py3-none-manylinux2014_aarch64.whl", hash = "sha256:98103729cc5226e13ca319a10bbf9433bbbd44ef64fe72f45f067cacc14b8d27"},
    {file = "nvidia_nvjitlink_cu12-12.5.82-py3-none-manylinux2014_x86_64.whl", hash = "sha256:f9b37bc5c8cf7509665cb6ada5aaa0ce65618f2332b7d3e78e9790511f111212"},
    {file = "nvidia_nvjitlink_cu12-12.5.82-py3-none-win_amd64.whl", hash = "sha256:e782564d705ff0bf61ac3e1bf730166da66dd2fe9012f111ede5fc49b64ae697"},
]

[[package]]
name = "opt-einsum"
version = "3.3.0"
description = "Optimizing numpys einsum function"
optional = false
python-versions = ">=3.5"
files = [
    {file = "opt_einsum-3.3.0-py3-none-any.whl", hash = "sha256:2455e59e3947d3c275477df7f5205b30635e266fe6dc300e3d9f9646bfcea147"},
    {file = "opt_einsum-3.3.0.tar.gz", hash = "sha256:59f6475f77bbc37dcf7cd748519c0ec60722e91e63ca114e68821c0c54a46549"},
]

[package.dependencies]
numpy = ">=1.7"

[package.extras]
docs = ["numpydoc", "sphinx (==1.2.3)", "sphinx-rtd-theme", "sphinxcontrib-napoleon"]
tests = ["pytest", "pytest-cov", "pytest-pep8"]

[[package]]
name = "optax"
version = "0.2.3"
description = "A gradient processing and optimisation library in JAX."
optional = false
python-versions = ">=3.9"
files = [
    {file = "optax-0.2.3-py3-none-any.whl", hash = "sha256:083e603dcd731d7e74d99f71c12f77937dd53f79001b4c09c290e4f47dd2e94f"},
    {file = "optax-0.2.3.tar.gz", hash = "sha256:ec7ab925440b0c5a512e1f24fba0fb3e7d760a7fd5d2496d7a691e9d37da01d9"},
]

[package.dependencies]
absl-py = ">=0.7.1"
chex = ">=0.1.86"
etils = {version = "*", extras = ["epy"]}
jax = ">=0.4.27"
jaxlib = ">=0.4.27"
numpy = ">=1.18.0"

[package.extras]
docs = ["flax", "ipython (>=8.8.0)", "matplotlib (>=3.5.0)", "myst-nb (>=1.0.0)", "sphinx (>=6.0.0)", "sphinx-autodoc-typehints", "sphinx-book-theme (>=1.0.1)", "sphinx-collections (>=0.0.1)", "sphinx-gallery (>=0.14.0)", "sphinx_contributors", "sphinxcontrib-katex", "tensorflow (>=2.4.0)", "tensorflow-datasets (>=4.2.0)"]
dp-accounting = ["absl-py (>=1.0.0)", "attrs (>=21.4.0)", "mpmath (>=1.2.1)", "numpy (>=1.21.4)", "scipy (>=1.7.1)"]
examples = ["dp_accounting (>=0.4)", "flax", "ipywidgets", "tensorflow (>=2.4.0)", "tensorflow-datasets (>=4.2.0)"]
test = ["dm-tree (>=0.1.7)", "flax (>=0.5.3)", "scikit-learn", "scipy (>=1.7.1)"]

[[package]]
name = "packaging"
version = "24.1"
description = "Core utilities for Python packages"
optional = false
python-versions = ">=3.8"
files = [
    {file = "packaging-24.1-py3-none-any.whl", hash = "sha256:5b8f2217dbdbd2f7f384c41c628544e6d52f2d0f53c6d0c3ea61aa5d1d7ff124"},
    {file = "packaging-24.1.tar.gz", hash = "sha256:026ed72c8ed3fcce5bf8950572258698927fd1dbda10a5e981cdf0ac37f4f002"},
]

[[package]]
name = "pluggy"
version = "1.5.0"
description = "plugin and hook calling mechanisms for python"
optional = false
python-versions = ">=3.8"
files = [
    {file = "pluggy-1.5.0-py3-none-any.whl", hash = "sha256:44e1ad92c8ca002de6377e165f3e0f1be63266ab4d554740532335b9d75ea669"},
    {file = "pluggy-1.5.0.tar.gz", hash = "sha256:2cffa88e94fdc978c4c574f15f9e59b7f4201d439195c3715ca9e2486f1d0cf1"},
]

[package.extras]
dev = ["pre-commit", "tox"]
testing = ["pytest", "pytest-benchmark"]

[[package]]
name = "pytest"
version = "8.2.2"
description = "pytest: simple powerful testing with Python"
optional = false
python-versions = ">=3.8"
files = [
    {file = "pytest-8.2.2-py3-none-any.whl", hash = "sha256:c434598117762e2bd304e526244f67bf66bbd7b5d6cf22138be51ff661980343"},
    {file = "pytest-8.2.2.tar.gz", hash = "sha256:de4bb8104e201939ccdc688b27a89a7be2079b22e2bd2b07f806b6ba71117977"},
]

[package.dependencies]
colorama = {version = "*", markers = "sys_platform == \"win32\""}
exceptiongroup = {version = ">=1.0.0rc8", markers = "python_version < \"3.11\""}
iniconfig = "*"
packaging = "*"
pluggy = ">=1.5,<2.0"
tomli = {version = ">=1", markers = "python_version < \"3.11\""}

[package.extras]
dev = ["argcomplete", "attrs (>=19.2)", "hypothesis (>=3.56)", "mock", "pygments (>=2.7.2)", "requests", "setuptools", "xmlschema"]

[[package]]
name = "scipy"
version = "1.14.0"
description = "Fundamental algorithms for scientific computing in Python"
optional = false
python-versions = ">=3.10"
files = [
    {file = "scipy-1.14.0-cp310-cp310-macosx_10_9_x86_64.whl", hash = "sha256:7e911933d54ead4d557c02402710c2396529540b81dd554fc1ba270eb7308484"},
    {file = "scipy-1.14.0-cp310-cp310-macosx_12_0_arm64.whl", hash = "sha256:687af0a35462402dd851726295c1a5ae5f987bd6e9026f52e9505994e2f84ef6"},
    {file = "scipy-1.14.0-cp310-cp310-macosx_14_0_arm64.whl", hash = "sha256:07e179dc0205a50721022344fb85074f772eadbda1e1b3eecdc483f8033709b7"},
    {file = "scipy-1.14.0-cp310-cp310-macosx_14_0_x86_64.whl", hash = "sha256:6a9c9a9b226d9a21e0a208bdb024c3982932e43811b62d202aaf1bb59af264b1"},
    {file = "scipy-1.14.0-cp310-cp310-manylinux_2_17_aarch64.manylinux2014_aarch64.whl", hash = "sha256:076c27284c768b84a45dcf2e914d4000aac537da74236a0d45d82c6fa4b7b3c0"},
    {file = "scipy-1.14.0-cp310-cp310-manylinux_2_17_x86_64.manylinux2014_x86_64.whl", hash = "sha256:42470ea0195336df319741e230626b6225a740fd9dce9642ca13e98f667047c0"},
    {file = "scipy-1.14.0-cp310-cp310-musllinux_1_1_x86_64.whl", hash = "sha256:176c6f0d0470a32f1b2efaf40c3d37a24876cebf447498a4cefb947a79c21e9d"},
    {file = "scipy-1.14.0-cp310-cp310-win_amd64.whl", hash = "sha256:ad36af9626d27a4326c8e884917b7ec321d8a1841cd6dacc67d2a9e90c2f0359"},
    {file = "scipy-1.14.0-cp311-cp311-macosx_10_9_x86_64.whl", hash = "sha256:6d056a8709ccda6cf36cdd2eac597d13bc03dba38360f418560a93050c76a16e"},
    {file = "scipy-1.14.0-cp311-cp311-macosx_12_0_arm64.whl", hash = "sha256:f0a50da861a7ec4573b7c716b2ebdcdf142b66b756a0d392c236ae568b3a93fb"},
    {file = "scipy-1.14.0-cp311-cp311-macosx_14_0_arm64.whl", hash = "sha256:94c164a9e2498e68308e6e148646e486d979f7fcdb8b4cf34b5441894bdb9caf"},
    {file = "scipy-1.14.0-cp311-cp311-macosx_14_0_x86_64.whl", hash = "sha256:a7d46c3e0aea5c064e734c3eac5cf9eb1f8c4ceee756262f2c7327c4c2691c86"},
    {file = "scipy-1.14.0-cp311-cp311-manylinux_2_17_aarch64.manylinux2014_aarch64.whl", hash = "sha256:9eee2989868e274aae26125345584254d97c56194c072ed96cb433f32f692ed8"},
    {file = "scipy-1.14.0-cp311-cp311-manylinux_2_17_x86_64.manylinux2014_x86_64.whl", hash = "sha256:9e3154691b9f7ed73778d746da2df67a19d046a6c8087c8b385bc4cdb2cfca74"},
    {file = "scipy-1.14.0-cp311-cp311-musllinux_1_1_x86_64.whl", hash = "sha256:c40003d880f39c11c1edbae8144e3813904b10514cd3d3d00c277ae996488cdb"},
    {file = "scipy-1.14.0-cp311-cp311-win_amd64.whl", hash = "sha256:5b083c8940028bb7e0b4172acafda6df762da1927b9091f9611b0bcd8676f2bc"},
    {file = "scipy-1.14.0-cp312-cp312-macosx_10_9_x86_64.whl", hash = "sha256:bff2438ea1330e06e53c424893ec0072640dac00f29c6a43a575cbae4c99b2b9"},
    {file = "scipy-1.14.0-cp312-cp312-macosx_12_0_arm64.whl", hash = "sha256:bbc0471b5f22c11c389075d091d3885693fd3f5e9a54ce051b46308bc787e5d4"},
    {file = "scipy-1.14.0-cp312-cp312-macosx_14_0_arm64.whl", hash = "sha256:64b2ff514a98cf2bb734a9f90d32dc89dc6ad4a4a36a312cd0d6327170339eb0"},
    {file = "scipy-1.14.0-cp312-cp312-macosx_14_0_x86_64.whl", hash = "sha256:7d3da42fbbbb860211a811782504f38ae7aaec9de8764a9bef6b262de7a2b50f"},
    {file = "scipy-1.14.0-cp312-cp312-manylinux_2_17_aarch64.manylinux2014_aarch64.whl", hash = "sha256:d91db2c41dd6c20646af280355d41dfa1ec7eead235642178bd57635a3f82209"},
    {file = "scipy-1.14.0-cp312-cp312-manylinux_2_17_x86_64.manylinux2014_x86_64.whl", hash = "sha256:a01cc03bcdc777c9da3cfdcc74b5a75caffb48a6c39c8450a9a05f82c4250a14"},
    {file = "scipy-1.14.0-cp312-cp312-musllinux_1_1_x86_64.whl", hash = "sha256:65df4da3c12a2bb9ad52b86b4dcf46813e869afb006e58be0f516bc370165159"},
    {file = "scipy-1.14.0-cp312-cp312-win_amd64.whl", hash = "sha256:4c4161597c75043f7154238ef419c29a64ac4a7c889d588ea77690ac4d0d9b20"},
    {file = "scipy-1.14.0.tar.gz", hash = "sha256:b5923f48cb840380f9854339176ef21763118a7300a88203ccd0bdd26e58527b"},
]

[package.dependencies]
numpy = ">=1.23.5,<2.3"

[package.extras]
dev = ["cython-lint (>=0.12.2)", "doit (>=0.36.0)", "mypy (==1.10.0)", "pycodestyle", "pydevtool", "rich-click", "ruff (>=0.0.292)", "types-psutil", "typing_extensions"]
doc = ["jupyterlite-pyodide-kernel", "jupyterlite-sphinx (>=0.13.1)", "jupytext", "matplotlib (>=3.5)", "myst-nb", "numpydoc", "pooch", "pydata-sphinx-theme (>=0.15.2)", "sphinx (>=5.0.0)", "sphinx-design (>=0.4.0)"]
test = ["Cython", "array-api-strict", "asv", "gmpy2", "hypothesis (>=6.30)", "meson", "mpmath", "ninja", "pooch", "pytest", "pytest-cov", "pytest-timeout", "pytest-xdist", "scikit-umfpack", "threadpoolctl"]

[[package]]
name = "setuptools"
version = "70.3.0"
description = "Easily download, build, install, upgrade, and uninstall Python packages"
optional = false
python-versions = ">=3.8"
files = [
    {file = "setuptools-70.3.0-py3-none-any.whl", hash = "sha256:fe384da74336c398e0d956d1cae0669bc02eed936cdb1d49b57de1990dc11ffc"},
    {file = "setuptools-70.3.0.tar.gz", hash = "sha256:f171bab1dfbc86b132997f26a119f6056a57950d058587841a0082e8830f9dc5"},
]

[package.extras]
doc = ["furo", "jaraco.packaging (>=9.3)", "jaraco.tidelift (>=1.4)", "pygments-github-lexers (==0.0.5)", "pyproject-hooks (!=1.1)", "rst.linker (>=1.9)", "sphinx (>=3.5)", "sphinx-favicon", "sphinx-inline-tabs", "sphinx-lint", "sphinx-notfound-page (>=1,<2)", "sphinx-reredirects", "sphinxcontrib-towncrier"]
test = ["build[virtualenv] (>=1.0.3)", "filelock (>=3.4.0)", "importlib-metadata", "ini2toml[lite] (>=0.14)", "jaraco.develop (>=7.21)", "jaraco.envs (>=2.2)", "jaraco.path (>=3.2.0)", "jaraco.test", "mypy (==1.10.0)", "packaging (>=23.2)", "pip (>=19.1)", "pyproject-hooks (!=1.1)", "pytest (>=6,!=8.1.*)", "pytest-checkdocs (>=2.4)", "pytest-cov", "pytest-enabler (>=2.2)", "pytest-home (>=0.5)", "pytest-mypy", "pytest-perf", "pytest-ruff (>=0.3.2)", "pytest-subprocess", "pytest-timeout", "pytest-xdist (>=3)", "tomli", "tomli-w (>=1.0.0)", "virtualenv (>=13.0.0)", "wheel"]

[[package]]
name = "tomli"
version = "2.0.1"
description = "A lil' TOML parser"
optional = false
python-versions = ">=3.7"
files = [
    {file = "tomli-2.0.1-py3-none-any.whl", hash = "sha256:939de3e7a6161af0c887ef91b7d41a53e7c5a1ca976325f429cb46ea9bc30ecc"},
    {file = "tomli-2.0.1.tar.gz", hash = "sha256:de526c12914f0c550d15924c62d72abc48d6fe7364aa87328337a31007fe8a4f"},
]

[[package]]
name = "toolz"
version = "0.12.1"
description = "List processing tools and functional utilities"
optional = false
python-versions = ">=3.7"
files = [
    {file = "toolz-0.12.1-py3-none-any.whl", hash = "sha256:d22731364c07d72eea0a0ad45bafb2c2937ab6fd38a3507bf55eae8744aa7d85"},
    {file = "toolz-0.12.1.tar.gz", hash = "sha256:ecca342664893f177a13dac0e6b41cbd8ac25a358e5f215316d43e2100224f4d"},
]

[[package]]
name = "tqdm"
version = "4.66.4"
description = "Fast, Extensible Progress Meter"
optional = false
python-versions = ">=3.7"
files = [
    {file = "tqdm-4.66.4-py3-none-any.whl", hash = "sha256:b75ca56b413b030bc3f00af51fd2c1a1a5eac6a0c1cca83cbb37a5c52abce644"},
    {file = "tqdm-4.66.4.tar.gz", hash = "sha256:e4d936c9de8727928f3be6079590e97d9abfe8d39a590be678eb5919ffc186bb"},
]

[package.dependencies]
colorama = {version = "*", markers = "platform_system == \"Windows\""}

[package.extras]
dev = ["pytest (>=6)", "pytest-cov", "pytest-timeout", "pytest-xdist"]
notebook = ["ipywidgets (>=6)"]
slack = ["slack-sdk"]
telegram = ["requests"]

[[package]]
name = "typeguard"
version = "2.13.3"
description = "Run-time type checker for Python"
optional = false
python-versions = ">=3.5.3"
files = [
    {file = "typeguard-2.13.3-py3-none-any.whl", hash = "sha256:5e3e3be01e887e7eafae5af63d1f36c849aaa94e3a0112097312aabfa16284f1"},
    {file = "typeguard-2.13.3.tar.gz", hash = "sha256:00edaa8da3a133674796cf5ea87d9f4b4c367d77476e185e80251cc13dfbb8c4"},
]

[package.extras]
doc = ["sphinx-autodoc-typehints (>=1.2.0)", "sphinx-rtd-theme"]
test = ["mypy", "pytest", "typing-extensions"]

[[package]]
name = "typing-extensions"
version = "4.12.2"
description = "Backported and Experimental Type Hints for Python 3.8+"
optional = false
python-versions = ">=3.8"
files = [
    {file = "typing_extensions-4.12.2-py3-none-any.whl", hash = "sha256:04e5ca0351e0f3f85c6853954072df659d0d13fac324d0072316b67d7794700d"},
    {file = "typing_extensions-4.12.2.tar.gz", hash = "sha256:1a7ead55c7e559dd4dee8856e3a88b41225abfe1ce8df57b7c13915fe121ffb8"},
]

[metadata]
lock-version = "2.0"
python-versions = "^3.10"
content-hash = "c4ee81593e2a63986b09e62393b734ca3c163029a5c9fdc72835c883563264f6"
